PODS:
  - DZNEmptyDataSet (1.8.1)
  - HLTableView (0.1.0):
    - DZNEmptyDataSet
    - MJRefresh
  - MJRefresh (3.1.15.3)

DEPENDENCIES:
  - HLTableView (from `../`)

SPEC REPOS:
  https://github.com/CocoaPods/Specs.git:
    - DZNEmptyDataSet
    - MJRefresh

EXTERNAL SOURCES:
  HLTableView:
    :path: "../"

SPEC CHECKSUMS:
  DZNEmptyDataSet: 9525833b9e68ac21c30253e1d3d7076cc828eaa7
  HLTableView: dab1c07649ec68da28a8346ab02faad2616b3098
  MJRefresh: b48380ae2b927b46c4ef000de9adb8dc748e1df7

PODFILE CHECKSUM: f068e3cc36f89cfb30366600c7bc66437a9864c5

COCOAPODS: 1.5.0
