PODS:
  - HLTableView (2.0.0):
    - Masonry
    - MJRefresh
    - "UITableView+FDTemplateLayoutCell"
  - Masonry (1.1.0)
  - MJRefresh (3.1.15.3)
  - "UITableView+FDTemplateLayoutCell (1.6)"

DEPENDENCIES:
  - HLTableView (from `../`)

SPEC REPOS:
  https://github.com/CocoaPods/Specs.git:
    - Masonry
    - MJRefresh
  trunk:
    - "UITableView+FDTemplateLayoutCell"

EXTERNAL SOURCES:
  HLTableView:
    :path: "../"

SPEC CHECKSUMS:
  HLTableView: f96331aca12be15254f0215e1f14ba414f9d91be
  Masonry: 678fab65091a9290e40e2832a55e7ab731aad201
  MJRefresh: b48380ae2b927b46c4ef000de9adb8dc748e1df7
  "UITableView+FDTemplateLayoutCell": 5c949b4a5059c404b442926c0e80f81d10a2d66f

PODFILE CHECKSUM: f068e3cc36f89cfb30366600c7bc66437a9864c5

COCOAPODS: 1.11.2
