PODS:
  - DZNEmptyDataSet (1.8.1)
  - HLTableView (1.0.1):
    - DZNEmptyDataSet
    - Masonry
    - MJRefresh
  - Masonry (1.1.0)
  - MJRefresh (3.1.15.3)

DEPENDENCIES:
  - HLTableView (from `../`)

SPEC REPOS:
  https://github.com/cocoapods/specs.git:
    - DZNEmptyDataSet
    - Masonry
    - MJRefresh

EXTERNAL SOURCES:
  HLTableView:
    :path: "../"

SPEC CHECKSUMS:
  DZNEmptyDataSet: 9525833b9e68ac21c30253e1d3d7076cc828eaa7
  HLTableView: 469bd7b0ea8709a5f1c54b14e75257380d25e5e7
  Masonry: 678fab65091a9290e40e2832a55e7ab731aad201
  MJRefresh: b48380ae2b927b46c4ef000de9adb8dc748e1df7

PODFILE CHECKSUM: f068e3cc36f89cfb30366600c7bc66437a9864c5

COCOAPODS: 1.6.0.beta.2
